
Microsoft Visual Studio Solution File, Format Version 12.00
# Visual Studio Version 16
VisualStudioVersion = 16.0.31702.278
MinimumVisualStudioVersion = 10.0.40219.1
Project("{9092AA53-FB77-4645-B42D-1CCCA6BD08BD}") = "Web", "Web\Web.njsproj", "{188F8BFF-73D8-4222-B7FB-AE121D96EC63}"
EndProject
Global
	GlobalSection(SolutionConfigurationPlatforms) = preSolution
		Debug|Any CPU = Debug|Any CPU
		Release|Any CPU = Release|Any CPU
	EndGlobalSection
	GlobalSection(ProjectConfigurationPlatforms) = postSolution
		{188F8BFF-73D8-4222-B7FB-AE121D96EC63}.Debug|Any CPU.ActiveCfg = Debug|Any CPU
		{188F8BFF-73D8-4222-B7FB-AE121D96EC63}.Debug|Any CPU.Build.0 = Debug|Any CPU
		{188F8BFF-73D8-4222-B7FB-AE121D96EC63}.Release|Any CPU.ActiveCfg = Release|Any CPU
		{188F8BFF-73D8-4222-B7FB-AE121D96EC63}.Release|Any CPU.Build.0 = Release|Any CPU
	EndGlobalSection
	GlobalSection(SolutionProperties) = preSolution
		HideSolutionNode = FALSE
	EndGlobalSection
	GlobalSection(ExtensibilityGlobals) = postSolution
		SolutionGuid = {B7BE295A-9EB7-432B-B4DB-1E404887BC46}
	EndGlobalSection
EndGlobal
